Microsoft Visual Studio Solution File, Format Version 12.00
# Visual Studio Version 17
VisualStudioVersion = 17.14.36109.1 d17.14
MinimumVisualStudioVersion = 10.0.40219.1
Project("{FAE04EC0-301F-11D3-BF4B-00C04F79EFBC}") = "ComplyCrafter_UI", "ComplyCrafter_UI\ComplyCrafter_UI.csproj", "{FF1D2CCC-2C64-9021-EFC5-A50DA0D3CF29}"
EndProject
Project("{FAE04EC0-301F-11D3-BF4B-00C04F79EFBC}") = "ComplyCrafter_Data", "ComplyCrafter_Data\ComplyCrafter_Data.csproj", "{8ACA4474-E7FE-67D9-7073-4A12E4B48257}"
EndProject
Project("{FAE04EC0-301F-11D3-BF4B-00C04F79EFBC}") = "ComplyCrafter_BL", "ComplyCrafter_BL\ComplyCrafter_BL.csproj", "{F05C2F18-85BC-EBD7-F4F7-592F93753613}"
EndProject
Project("{FAE04EC0-301F-11D3-BF4B-00C04F79EFBC}") = "ComplyCrafter_API", "ComplyCrafter_API\ComplyCrafter_API.csproj", "{9450E341-1676-B724-A262-E5DEB32CAABC}"
EndProject
Global
	GlobalSection(SolutionConfigurationPlatforms) = preSolution
		Debug|Any CPU = Debug|Any CPU
		Release|Any CPU = Release|Any CPU
	EndGlobalSection
	GlobalSection(ProjectConfigurationPlatforms) = postSolution
		{FF1D2CCC-2C64-9021-EFC5-A50DA0D3CF29}.Debug|Any CPU.ActiveCfg = Debug|Any CPU
		{FF1D2CCC-2C64-9021-EFC5-A50DA0D3CF29}.Debug|Any CPU.Build.0 = Debug|Any CPU
		{FF1D2CCC-2C64-9021-EFC5-A50DA0D3CF29}.Release|Any CPU.ActiveCfg = Release|Any CPU
		{FF1D2CCC-2C64-9021-EFC5-A50DA0D3CF29}.Release|Any CPU.Build.0 = Release|Any CPU
		{8ACA4474-E7FE-67D9-7073-4A12E4B48257}.Debug|Any CPU.ActiveCfg = Debug|Any CPU
		{8ACA4474-E7FE-67D9-7073-4A12E4B48257}.Debug|Any CPU.Build.0 = Debug|Any CPU
		{8ACA4474-E7FE-67D9-7073-4A12E4B48257}.Release|Any CPU.ActiveCfg = Release|Any CPU
		{8ACA4474-E7FE-67D9-7073-4A12E4B48257}.Release|Any CPU.Build.0 = Release|Any CPU
		{F05C2F18-85BC-EBD7-F4F7-592F93753613}.Debug|Any CPU.ActiveCfg = Debug|Any CPU
		{F05C2F18-85BC-EBD7-F4F7-592F93753613}.Debug|Any CPU.Build.0 = Debug|Any CPU
		{F05C2F18-85BC-EBD7-F4F7-592F93753613}.Release|Any CPU.ActiveCfg = Release|Any CPU
		{F05C2F18-85BC-EBD7-F4F7-592F93753613}.Release|Any CPU.Build.0 = Release|Any CPU
		{9450E341-1676-B724-A262-E5DEB32CAABC}.Debug|Any CPU.ActiveCfg = Debug|Any CPU
		{9450E341-1676-B724-A262-E5DEB32CAABC}.Debug|Any CPU.Build.0 = Debug|Any CPU
		{9450E341-1676-B724-A262-E5DEB32CAABC}.Release|Any CPU.ActiveCfg = Release|Any CPU
		{9450E341-1676-B724-A262-E5DEB32CAABC}.Release|Any CPU.Build.0 = Release|Any CPU
	EndGlobalSection
	GlobalSection(SolutionProperties) = preSolution
		HideSolutionNode = FALSE
	EndGlobalSection
	GlobalSection(ExtensibilityGlobals) = postSolution
		SolutionGuid = {CAA28FE8-2330-4B43-A5CE-8C67143A2145}
	EndGlobalSection
EndGlobal
