Microsoft Visual Studio Solution File, Format Version 12.00
# Visual Studio Version 17
VisualStudioVersion = 17.5.2.0
MinimumVisualStudioVersion = 10.0.40219.1
Project("{2150E333-8FDC-42A3-9474-1A3956D46DE8}") = "archive", "archive", "{51D3FFFF-5534-FA11-DF10-1E59F2D397C6}"
EndProject
Project("{2150E333-8FDC-42A3-9474-1A3956D46DE8}") = "legacy-code-20251027-153549", "legacy-code-20251027-153549", "{344190E9-3F44-E748-7A83-54B7ED2EBAA8}"
EndProject
Project("{FAE04EC0-301F-11D3-BF4B-00C04F79EFBC}") = "ComplyCrafter_API", "archive\legacy-code-20251027-153549\ComplyCrafter_API\ComplyCrafter_API.csproj", "{F817BA48-14C7-4548-AE45-9743A0EDE544}"
EndProject
Project("{FAE04EC0-301F-11D3-BF4B-00C04F79EFBC}") = "ComplyCrafter_BL", "archive\legacy-code-20251027-153549\ComplyCrafter_BL\ComplyCrafter_BL.csproj", "{B383B4D6-F5E0-93B7-10F4-FC73AEFFC5DB}"
EndProject
Project("{FAE04EC0-301F-11D3-BF4B-00C04F79EFBC}") = "ComplyCrafter_Data", "archive\legacy-code-20251027-153549\ComplyCrafter_Data\ComplyCrafter_Data.csproj", "{A02FDCB7-0309-C32B-0531-C179BA600339}"
EndProject
Project("{FAE04EC0-301F-11D3-BF4B-00C04F79EFBC}") = "ComplyCrafter_UI", "archive\legacy-code-20251027-153549\ComplyCrafter_UI\ComplyCrafter_UI.csproj", "{DA1FF361-3354-5428-CBE7-30FBD1C7929A}"
EndProject
Project("{2150E333-8FDC-42A3-9474-1A3956D46DE8}") = "legacy-code-20251027-153605", "legacy-code-20251027-153605", "{94BF8D34-85C7-E130-E512-6B5DBD624A67}"
EndProject
Project("{FAE04EC0-301F-11D3-BF4B-00C04F79EFBC}") = "ComplyCrafter_API", "archive\legacy-code-20251027-153605\ComplyCrafter_API\ComplyCrafter_API.csproj", "{57E471E8-3E38-0017-3FFF-6E610BFA5250}"
EndProject
Project("{FAE04EC0-301F-11D3-BF4B-00C04F79EFBC}") = "ComplyCrafter_BL", "archive\legacy-code-20251027-153605\ComplyCrafter_BL\ComplyCrafter_BL.csproj", "{87FA5215-8FBA-DBF4-A514-C3CE25D46784}"
EndProject
Project("{FAE04EC0-301F-11D3-BF4B-00C04F79EFBC}") = "ComplyCrafter_Data", "archive\legacy-code-20251027-153605\ComplyCrafter_Data\ComplyCrafter_Data.csproj", "{F6215661-EACB-6A24-4DAE-FBFD714B6216}"
EndProject
Project("{FAE04EC0-301F-11D3-BF4B-00C04F79EFBC}") = "ComplyCrafter_UI", "archive\legacy-code-20251027-153605\ComplyCrafter_UI\ComplyCrafter_UI.csproj", "{8605FCBE-0E3B-AD70-6A23-E7C225B8CFAC}"
EndProject
Global
	GlobalSection(SolutionConfigurationPlatforms) = preSolution
		Debug|Any CPU = Debug|Any CPU
		Release|Any CPU = Release|Any CPU
	EndGlobalSection
	GlobalSection(ProjectConfigurationPlatforms) = postSolution
		{F817BA48-14C7-4548-AE45-9743A0EDE544}.Debug|Any CPU.ActiveCfg = Debug|Any CPU
		{F817BA48-14C7-4548-AE45-9743A0EDE544}.Debug|Any CPU.Build.0 = Debug|Any CPU
		{F817BA48-14C7-4548-AE45-9743A0EDE544}.Release|Any CPU.ActiveCfg = Release|Any CPU
		{F817BA48-14C7-4548-AE45-9743A0EDE544}.Release|Any CPU.Build.0 = Release|Any CPU
		{B383B4D6-F5E0-93B7-10F4-FC73AEFFC5DB}.Debug|Any CPU.ActiveCfg = Debug|Any CPU
		{B383B4D6-F5E0-93B7-10F4-FC73AEFFC5DB}.Debug|Any CPU.Build.0 = Debug|Any CPU
		{B383B4D6-F5E0-93B7-10F4-FC73AEFFC5DB}.Release|Any CPU.ActiveCfg = Release|Any CPU
		{B383B4D6-F5E0-93B7-10F4-FC73AEFFC5DB}.Release|Any CPU.Build.0 = Release|Any CPU
		{A02FDCB7-0309-C32B-0531-C179BA600339}.Debug|Any CPU.ActiveCfg = Debug|Any CPU
		{A02FDCB7-0309-C32B-0531-C179BA600339}.Debug|Any CPU.Build.0 = Debug|Any CPU
		{A02FDCB7-0309-C32B-0531-C179BA600339}.Release|Any CPU.ActiveCfg = Release|Any CPU
		{A02FDCB7-0309-C32B-0531-C179BA600339}.Release|Any CPU.Build.0 = Release|Any CPU
		{DA1FF361-3354-5428-CBE7-30FBD1C7929A}.Debug|Any CPU.ActiveCfg = Debug|Any CPU
		{DA1FF361-3354-5428-CBE7-30FBD1C7929A}.Debug|Any CPU.Build.0 = Debug|Any CPU
		{DA1FF361-3354-5428-CBE7-30FBD1C7929A}.Release|Any CPU.ActiveCfg = Release|Any CPU
		{DA1FF361-3354-5428-CBE7-30FBD1C7929A}.Release|Any CPU.Build.0 = Release|Any CPU
		{57E471E8-3E38-0017-3FFF-6E610BFA5250}.Debug|Any CPU.ActiveCfg = Debug|Any CPU
		{57E471E8-3E38-0017-3FFF-6E610BFA5250}.Debug|Any CPU.Build.0 = Debug|Any CPU
		{57E471E8-3E38-0017-3FFF-6E610BFA5250}.Release|Any CPU.ActiveCfg = Release|Any CPU
		{57E471E8-3E38-0017-3FFF-6E610BFA5250}.Release|Any CPU.Build.0 = Release|Any CPU
		{87FA5215-8FBA-DBF4-A514-C3CE25D46784}.Debug|Any CPU.ActiveCfg = Debug|Any CPU
		{87FA5215-8FBA-DBF4-A514-C3CE25D46784}.Debug|Any CPU.Build.0 = Debug|Any CPU
		{87FA5215-8FBA-DBF4-A514-C3CE25D46784}.Release|Any CPU.ActiveCfg = Release|Any CPU
		{87FA5215-8FBA-DBF4-A514-C3CE25D46784}.Release|Any CPU.Build.0 = Release|Any CPU
		{F6215661-EACB-6A24-4DAE-FBFD714B6216}.Debug|Any CPU.ActiveCfg = Debug|Any CPU
		{F6215661-EACB-6A24-4DAE-FBFD714B6216}.Debug|Any CPU.Build.0 = Debug|Any CPU
		{F6215661-EACB-6A24-4DAE-FBFD714B6216}.Release|Any CPU.ActiveCfg = Release|Any CPU
		{F6215661-EACB-6A24-4DAE-FBFD714B6216}.Release|Any CPU.Build.0 = Release|Any CPU
		{8605FCBE-0E3B-AD70-6A23-E7C225B8CFAC}.Debug|Any CPU.ActiveCfg = Debug|Any CPU
		{8605FCBE-0E3B-AD70-6A23-E7C225B8CFAC}.Debug|Any CPU.Build.0 = Debug|Any CPU
		{8605FCBE-0E3B-AD70-6A23-E7C225B8CFAC}.Release|Any CPU.ActiveCfg = Release|Any CPU
		{8605FCBE-0E3B-AD70-6A23-E7C225B8CFAC}.Release|Any CPU.Build.0 = Release|Any CPU
	EndGlobalSection
	GlobalSection(SolutionProperties) = preSolution
		HideSolutionNode = FALSE
	EndGlobalSection
	GlobalSection(NestedProjects) = preSolution
		{344190E9-3F44-E748-7A83-54B7ED2EBAA8} = {51D3FFFF-5534-FA11-DF10-1E59F2D397C6}
		{F817BA48-14C7-4548-AE45-9743A0EDE544} = {344190E9-3F44-E748-7A83-54B7ED2EBAA8}
		{B383B4D6-F5E0-93B7-10F4-FC73AEFFC5DB} = {344190E9-3F44-E748-7A83-54B7ED2EBAA8}
		{A02FDCB7-0309-C32B-0531-C179BA600339} = {344190E9-3F44-E748-7A83-54B7ED2EBAA8}
		{DA1FF361-3354-5428-CBE7-30FBD1C7929A} = {344190E9-3F44-E748-7A83-54B7ED2EBAA8}
		{94BF8D34-85C7-E130-E512-6B5DBD624A67} = {51D3FFFF-5534-FA11-DF10-1E59F2D397C6}
		{57E471E8-3E38-0017-3FFF-6E610BFA5250} = {94BF8D34-85C7-E130-E512-6B5DBD624A67}
		{87FA5215-8FBA-DBF4-A514-C3CE25D46784} = {94BF8D34-85C7-E130-E512-6B5DBD624A67}
		{F6215661-EACB-6A24-4DAE-FBFD714B6216} = {94BF8D34-85C7-E130-E512-6B5DBD624A67}
		{8605FCBE-0E3B-AD70-6A23-E7C225B8CFAC} = {94BF8D34-85C7-E130-E512-6B5DBD624A67}
	EndGlobalSection
	GlobalSection(ExtensibilityGlobals) = postSolution
		SolutionGuid = {6E042904-16AB-46DF-B677-08FA6FD81897}
	EndGlobalSection
EndGlobal
